
Microsoft Visual Studio Solution File, Format Version 12.00
# Visual Studio Version 17
VisualStudioVersion = 17.6.33829.357
MinimumVisualStudioVersion = 10.0.40219.1
Project("{FAE04EC0-301F-11D3-BF4B-00C04F79EFBC}") = "EunJinBookManager", "EunJinBookManager\EunJinBookManager.csproj", "{302872FF-896F-4522-B501-D3E1E395D649}"
EndProject
Project("{FAE04EC0-301F-11D3-BF4B-00C04F79EFBC}") = "EunJinBookManagerEntity", "EunJinBookManagerEntity\EunJinBookManagerEntity.csproj", "{08CFDB6E-34BA-4D42-9E0D-201925B24E3B}"
EndProject
Project("{FAE04EC0-301F-11D3-BF4B-00C04F79EFBC}") = "EunJinBookManagerRepository", "EunJinBookManagerRepository\EunJinBookManagerRepository.csproj", "{0BD68AA4-ED85-446B-9908-0259C18A1A7F}"
EndProject
Project("{FAE04EC0-301F-11D3-BF4B-00C04F79EFBC}") = "EunJinBookManagerService", "EunJinBookManagerService\EunJinBookManagerService.csproj", "{105AACFF-F1DB-458D-B880-25B2D16FFAFA}"
EndProject
Global
	GlobalSection(SolutionConfigurationPlatforms) = preSolution
		Debug|Any CPU = Debug|Any CPU
		Release|Any CPU = Release|Any CPU
	EndGlobalSection
	GlobalSection(ProjectConfigurationPlatforms) = postSolution
		{302872FF-896F-4522-B501-D3E1E395D649}.Debug|Any CPU.ActiveCfg = Debug|Any CPU
		{302872FF-896F-4522-B501-D3E1E395D649}.Debug|Any CPU.Build.0 = Debug|Any CPU
		{302872FF-896F-4522-B501-D3E1E395D649}.Release|Any CPU.ActiveCfg = Release|Any CPU
		{302872FF-896F-4522-B501-D3E1E395D649}.Release|Any CPU.Build.0 = Release|Any CPU
		{08CFDB6E-34BA-4D42-9E0D-201925B24E3B}.Debug|Any CPU.ActiveCfg = Debug|Any CPU
		{08CFDB6E-34BA-4D42-9E0D-201925B24E3B}.Debug|Any CPU.Build.0 = Debug|Any CPU
		{08CFDB6E-34BA-4D42-9E0D-201925B24E3B}.Release|Any CPU.ActiveCfg = Release|Any CPU
		{08CFDB6E-34BA-4D42-9E0D-201925B24E3B}.Release|Any CPU.Build.0 = Release|Any CPU
		{0BD68AA4-ED85-446B-9908-0259C18A1A7F}.Debug|Any CPU.ActiveCfg = Debug|Any CPU
		{0BD68AA4-ED85-446B-9908-0259C18A1A7F}.Debug|Any CPU.Build.0 = Debug|Any CPU
		{0BD68AA4-ED85-446B-9908-0259C18A1A7F}.Release|Any CPU.ActiveCfg = Release|Any CPU
		{0BD68AA4-ED85-446B-9908-0259C18A1A7F}.Release|Any CPU.Build.0 = Release|Any CPU
		{105AACFF-F1DB-458D-B880-25B2D16FFAFA}.Debug|Any CPU.ActiveCfg = Debug|Any CPU
		{105AACFF-F1DB-458D-B880-25B2D16FFAFA}.Debug|Any CPU.Build.0 = Debug|Any CPU
		{105AACFF-F1DB-458D-B880-25B2D16FFAFA}.Release|Any CPU.ActiveCfg = Release|Any CPU
		{105AACFF-F1DB-458D-B880-25B2D16FFAFA}.Release|Any CPU.Build.0 = Release|Any CPU
	EndGlobalSection
	GlobalSection(SolutionProperties) = preSolution
		HideSolutionNode = FALSE
	EndGlobalSection
	GlobalSection(ExtensibilityGlobals) = postSolution
		SolutionGuid = {E9F81436-BB88-4D8A-8F52-7EC37DD371CC}
	EndGlobalSection
EndGlobal
